# This file was autogenerated by uv via the following command:
#    uv pip compile environments/data.in --python-version 3.12 --python-platform x86_64-unknown-linux-gnu --output-file environments/data.lock
aiohappyeyeballs==2.7.1
    # via aiohttp
aiohttp==3.14.3
    # via fsspec
aiosignal==1.4.0
    # via aiohttp
annotated-types==0.8.0
    # via pydantic
anyio==4.14.2
    # via httpx
attrs==26.1.0
    # via aiohttp
certifi==2026.7.22
    # via
    #   httpcore
    #   httpx
    #   requests
charset-normalizer==3.4.9
    # via requests
click==8.4.2
    # via huggingface-hub
datasets==3.6.0
    # via -r environments/data.in
dill==0.3.8
    # via
    #   datasets
    #   multiprocess
filelock==3.32.2
    # via
    #   datasets
    #   huggingface-hub
frozenlist==1.8.0
    # via
    #   aiohttp
    #   aiosignal
fsspec==2025.3.0
    # via
    #   datasets
    #   huggingface-hub
h11==0.16.0
    # via httpcore
hf-xet==1.5.2
    # via huggingface-hub
httpcore==1.0.9
    # via httpx
httpx==0.28.1
    # via huggingface-hub
huggingface-hub==1.26.0
    # via datasets
idna==3.18
    # via
    #   anyio
    #   httpx
    #   requests
    #   yarl
multidict==6.7.1
    # via
    #   aiohttp
    #   yarl
multiprocess==0.70.16
    # via datasets
numpy==2.5.1
    # via
    #   datasets
    #   pandas
packaging==26.2
    # via
    #   datasets
    #   huggingface-hub
pandas==3.0.5
    # via datasets
propcache==0.5.2
    # via
    #   aiohttp
    #   yarl
pyarrow==25.0.0
    # via datasets
pydantic==2.11.7
    # via -r environments/data.in
pydantic-core==2.33.2
    # via pydantic
python-dateutil==2.9.0.post0
    # via pandas
pyyaml==6.0.2
    # via
    #   -r environments/data.in
    #   datasets
    #   huggingface-hub
requests==2.34.2
    # via datasets
six==1.17.0
    # via python-dateutil
tqdm==4.70.0
    # via
    #   datasets
    #   huggingface-hub
typing-extensions==4.16.0
    # via
    #   aiohttp
    #   aiosignal
    #   anyio
    #   huggingface-hub
    #   pydantic
    #   pydantic-core
    #   typing-inspection
typing-inspection==0.4.2
    # via pydantic
urllib3==2.7.0
    # via requests
xxhash==3.8.1
    # via datasets
yarl==1.24.5
    # via aiohttp
