# This file was autogenerated by uv via the following command:
#    uv pip compile environments/distillm.in --python-version 3.10 --python-platform x86_64-unknown-linux-gnu --output-file environments/distillm.lock
absl-py==2.5.0
    # via rouge-score
accelerate==1.11.0
    # via
    #   -r environments/distillm.in
    #   peft
annotated-types==0.8.0
    # via pydantic
certifi==2026.7.22
    # via requests
charset-normalizer==3.4.9
    # via requests
click==8.4.2
    # via nltk
deepspeed==0.15.0
    # via -r environments/distillm.in
filelock==3.32.2
    # via
    #   huggingface-hub
    #   torch
    #   transformers
    #   triton
fsspec==2026.7.0
    # via
    #   huggingface-hub
    #   torch
hf-xet==1.5.2
    # via huggingface-hub
hjson==3.1.0
    # via deepspeed
huggingface-hub==0.36.2
    # via
    #   accelerate
    #   peft
    #   tokenizers
    #   transformers
idna==3.18
    # via requests
jinja2==3.1.6
    # via torch
joblib==1.5.3
    # via nltk
markdown-it-py==4.2.0
    # via rich
markupsafe==3.0.3
    # via jinja2
mdurl==0.1.2
    # via markdown-it-py
mpmath==1.3.0
    # via sympy
networkx==3.4.2
    # via torch
ninja==1.13.0
    # via deepspeed
nltk==3.9.2
    # via
    #   -r environments/distillm.in
    #   rouge-score
numerize==0.12
    # via -r environments/distillm.in
numpy==1.26.4
    # via
    #   -r environments/distillm.in
    #   accelerate
    #   deepspeed
    #   peft
    #   rouge-score
    #   transformers
nvidia-cublas-cu12==12.1.3.1
    # via
    #   nvidia-cudnn-cu12
    #   nvidia-cusolver-cu12
    #   torch
nvidia-cuda-cupti-cu12==12.1.105
    # via torch
nvidia-cuda-nvrtc-cu12==12.1.105
    # via torch
nvidia-cuda-runtime-cu12==12.1.105
    # via torch
nvidia-cudnn-cu12==9.1.0.70
    # via torch
nvidia-cufft-cu12==11.0.2.54
    # via torch
nvidia-curand-cu12==10.3.2.106
    # via torch
nvidia-cusolver-cu12==11.4.5.107
    # via torch
nvidia-cusparse-cu12==12.1.0.106
    # via
    #   nvidia-cusolver-cu12
    #   torch
nvidia-ml-py==13.610.43
    # via deepspeed
nvidia-nccl-cu12==2.20.5
    # via torch
nvidia-nvjitlink-cu12==12.9.86
    # via
    #   nvidia-cusolver-cu12
    #   nvidia-cusparse-cu12
nvidia-nvtx-cu12==12.1.105
    # via torch
packaging==26.2
    # via
    #   accelerate
    #   deepspeed
    #   huggingface-hub
    #   peft
    #   transformers
peft==0.17.1
    # via -r environments/distillm.in
protobuf==6.33.5
    # via -r environments/distillm.in
psutil==7.2.2
    # via
    #   accelerate
    #   deepspeed
    #   peft
py-cpuinfo==9.0.0
    # via deepspeed
pydantic==2.13.4
    # via
    #   -r environments/distillm.in
    #   deepspeed
pydantic-core==2.46.4
    # via pydantic
pygments==2.20.0
    # via rich
pyyaml==6.0.3
    # via
    #   -r environments/distillm.in
    #   accelerate
    #   huggingface-hub
    #   peft
    #   transformers
regex==2026.7.19
    # via
    #   nltk
    #   transformers
requests==2.34.2
    # via
    #   huggingface-hub
    #   transformers
rich==14.3.3
    # via -r environments/distillm.in
rouge-score==0.1.2
    # via -r environments/distillm.in
safetensors==0.8.0
    # via
    #   accelerate
    #   peft
    #   transformers
sentencepiece==0.1.99
    # via -r environments/distillm.in
setuptools==83.0.0
    # via -r environments/distillm.in
six==1.17.0
    # via rouge-score
sympy==1.14.0
    # via torch
tokenizers==0.22.2
    # via transformers
torch==2.4.0
    # via
    #   -r environments/distillm.in
    #   accelerate
    #   deepspeed
    #   peft
    #   torchtyping
torchtyping==0.1.5
    # via -r environments/distillm.in
tqdm==4.70.0
    # via
    #   deepspeed
    #   huggingface-hub
    #   nltk
    #   peft
    #   transformers
transformers==4.57.1
    # via
    #   -r environments/distillm.in
    #   peft
triton==3.0.0
    # via torch
typeguard==2.13.3
    # via torchtyping
typing-extensions==4.16.0
    # via
    #   huggingface-hub
    #   pydantic
    #   pydantic-core
    #   torch
    #   typing-inspection
typing-inspection==0.4.2
    # via pydantic
urllib3==2.7.0
    # via requests
